
Microsoft Visual Studio Solution File, Format Version 12.00
# Visual Studio Version 17
VisualStudioVersion = 17.14.36105.17 d17.14
MinimumVisualStudioVersion = 10.0.40219.1
Project("{FAE04EC0-301F-11D3-BF4B-00C04F79EFBC}") = "ghwebApp", "ghwebApp\ghwebApp.csproj", "{01A5C44C-389F-47F3-ACFC-7E06CAD7DE3D}"
EndProject
Global
	GlobalSection(SolutionConfigurationPlatforms) = preSolution
		Debug|Any CPU = Debug|Any CPU
		Release|Any CPU = Release|Any CPU
	EndGlobalSection
	GlobalSection(ProjectConfigurationPlatforms) = postSolution
		{01A5C44C-389F-47F3-ACFC-7E06CAD7DE3D}.Debug|Any CPU.ActiveCfg = Debug|Any CPU
		{01A5C44C-389F-47F3-ACFC-7E06CAD7DE3D}.Debug|Any CPU.Build.0 = Debug|Any CPU
		{01A5C44C-389F-47F3-ACFC-7E06CAD7DE3D}.Release|Any CPU.ActiveCfg = Release|Any CPU
		{01A5C44C-389F-47F3-ACFC-7E06CAD7DE3D}.Release|Any CPU.Build.0 = Release|Any CPU
	EndGlobalSection
	GlobalSection(SolutionProperties) = preSolution
		HideSolutionNode = FALSE
	EndGlobalSection
	GlobalSection(ExtensibilityGlobals) = postSolution
		SolutionGuid = {4A61A4FA-C2D0-4611-97C8-1EF5D664E414}
	EndGlobalSection
EndGlobal
